// !$*UTF8*$!
{
	archiveVersion = 1;
	classes = {
	};
	objectVersion = 50;
	objects = {

/* Begin PBXBuildFile section */
		9E01F8112201B03B00D87E97 /* DefaultWeapon.swift in Sources */ = {isa = PBXBuildFile; fileRef = 9E01F8102201B03B00D87E97 /* DefaultWeapon.swift */; };
		9E2FD39021C7A85300FC2A60 /* main.swift in Sources */ = {isa = PBXBuildFile; fileRef = 9E2FD38F21C7A85300FC2A60 /* main.swift */; };
		9E2FD39721C7AFB900FC2A60 /* Player.swift in Sources */ = {isa = PBXBuildFile; fileRef = 9E2FD39621C7AFB900FC2A60 /* Player.swift */; };
		9E2FD39F21C7B7C000FC2A60 /* Game.swift in Sources */ = {isa = PBXBuildFile; fileRef = 9E2FD39E21C7B7C000FC2A60 /* Game.swift */; };
		9E2FD3A521C7ED3E00FC2A60 /* Fighter.swift in Sources */ = {isa = PBXBuildFile; fileRef = 9E2FD3A421C7ED3E00FC2A60 /* Fighter.swift */; };
		9E2FD3A721C7ED6100FC2A60 /* Mage.swift in Sources */ = {isa = PBXBuildFile; fileRef = 9E2FD3A621C7ED6100FC2A60 /* Mage.swift */; };
		9E2FD3A921C7ED7C00FC2A60 /* Colossus.swift in Sources */ = {isa = PBXBuildFile; fileRef = 9E2FD3A821C7ED7C00FC2A60 /* Colossus.swift */; };
		9E2FD3AB21C7ED8C00FC2A60 /* Dwarf.swift in Sources */ = {isa = PBXBuildFile; fileRef = 9E2FD3AA21C7ED8C00FC2A60 /* Dwarf.swift */; };
		9E2FD3AD21C815EE00FC2A60 /* Character.swift in Sources */ = {isa = PBXBuildFile; fileRef = 9E2FD3AC21C815EE00FC2A60 /* Character.swift */; };
		9EB12E0021CC09B300C53E6B /* NameManager.swift in Sources */ = {isa = PBXBuildFile; fileRef = 9EB12DFF21CC09B300C53E6B /* NameManager.swift */; };
		9EB12E0221CC09D600C53E6B /* PlayerManager.swift in Sources */ = {isa = PBXBuildFile; fileRef = 9EB12E0121CC09D600C53E6B /* PlayerManager.swift */; };
		9EB12E0421CC0A7E00C53E6B /* Weapon.swift in Sources */ = {isa = PBXBuildFile; fileRef = 9EB12E0321CC0A7E00C53E6B /* Weapon.swift */; };
		9EB12E1D21DCC64400C53E6B /* WoodenSword.swift in Sources */ = {isa = PBXBuildFile; fileRef = 9EB12E1C21DCC64400C53E6B /* WoodenSword.swift */; };
		9EB12E1F21DCC64F00C53E6B /* WoodenAxe.swift in Sources */ = {isa = PBXBuildFile; fileRef = 9EB12E1E21DCC64F00C53E6B /* WoodenAxe.swift */; };
		9EB12E2121DCC65900C53E6B /* WoodenMace.swift in Sources */ = {isa = PBXBuildFile; fileRef = 9EB12E2021DCC65900C53E6B /* WoodenMace.swift */; };
		9EB12E2B21DCCD3500C53E6B /* WoodenStaff.swift in Sources */ = {isa = PBXBuildFile; fileRef = 9EB12E2721DCCD3500C53E6B /* WoodenStaff.swift */; };
		9EB12E2C21DCCD3500C53E6B /* NurturerStaff.swift in Sources */ = {isa = PBXBuildFile; fileRef = 9EB12E2821DCCD3500C53E6B /* NurturerStaff.swift */; };
		9EB12E2D21DCCD3500C53E6B /* RainStaff.swift in Sources */ = {isa = PBXBuildFile; fileRef = 9EB12E2921DCCD3500C53E6B /* RainStaff.swift */; };
		9EB12E2E21DCCD3500C53E6B /* OwlStaff.swift in Sources */ = {isa = PBXBuildFile; fileRef = 9EB12E2A21DCCD3500C53E6B /* OwlStaff.swift */; };
		9EB12E3221DCCD4400C53E6B /* GoldenMace.swift in Sources */ = {isa = PBXBuildFile; fileRef = 9EB12E2F21DCCD4400C53E6B /* GoldenMace.swift */; };
		9EB12E3321DCCD4400C53E6B /* CopperMace.swift in Sources */ = {isa = PBXBuildFile; fileRef = 9EB12E3021DCCD4400C53E6B /* CopperMace.swift */; };
		9EB12E3421DCCD4400C53E6B /* SilverMace.swift in Sources */ = {isa = PBXBuildFile; fileRef = 9EB12E3121DCCD4400C53E6B /* SilverMace.swift */; };
		9EB12E3821DCCD5700C53E6B /* SilverAxe.swift in Sources */ = {isa = PBXBuildFile; fileRef = 9EB12E3521DCCD5700C53E6B /* SilverAxe.swift */; };
		9EB12E3921DCCD5700C53E6B /* CopperAxe.swift in Sources */ = {isa = PBXBuildFile; fileRef = 9EB12E3621DCCD5700C53E6B /* CopperAxe.swift */; };
		9EB12E3A21DCCD5700C53E6B /* GoldenAxe.swift in Sources */ = {isa = PBXBuildFile; fileRef = 9EB12E3721DCCD5700C53E6B /* GoldenAxe.swift */; };
		9EB12E3E21DCCD6D00C53E6B /* SilverSword.swift in Sources */ = {isa = PBXBuildFile; fileRef = 9EB12E3B21DCCD6D00C53E6B /* SilverSword.swift */; };
		9EB12E3F21DCCD6D00C53E6B /* GoldenSword.swift in Sources */ = {isa = PBXBuildFile; fileRef = 9EB12E3C21DCCD6D00C53E6B /* GoldenSword.swift */; };
		9EB12E4021DCCD6D00C53E6B /* CopperSword.swift in Sources */ = {isa = PBXBuildFile; fileRef = 9EB12E3D21DCCD6D00C53E6B /* CopperSword.swift */; };
		9EB12E4221E3519600C53E6B /* Chest.swift in Sources */ = {isa = PBXBuildFile; fileRef = 9EB12E4121E3519600C53E6B /* Chest.swift */; };
		9EB12E4421E4A9F000C53E6B /* Rogue.swift in Sources */ = {isa = PBXBuildFile; fileRef = 9EB12E4321E4A9F000C53E6B /* Rogue.swift */; };
		9EB12E4A21E4AAC900C53E6B /* GoldenDagger.swift in Sources */ = {isa = PBXBuildFile; fileRef = 9EB12E4621E4AAC900C53E6B /* GoldenDagger.swift */; };
		9EB12E4B21E4AAC900C53E6B /* CopperDagger.swift in Sources */ = {isa = PBXBuildFile; fileRef = 9EB12E4721E4AAC900C53E6B /* CopperDagger.swift */; };
		9EB12E4C21E4AAC900C53E6B /* SilverDagger.swift in Sources */ = {isa = PBXBuildFile; fileRef = 9EB12E4821E4AAC900C53E6B /* SilverDagger.swift */; };
		9EB12E4D21E4AAC900C53E6B /* WoodenDagger.swift in Sources */ = {isa = PBXBuildFile; fileRef = 9EB12E4921E4AAC900C53E6B /* WoodenDagger.swift */; };
		9EB12E5221E8FC3000C53E6B /* AttackReport.swift in Sources */ = {isa = PBXBuildFile; fileRef = 9EB12E5121E8FC3000C53E6B /* AttackReport.swift */; };
/* End PBXBuildFile section */

/* Begin PBXCopyFilesBuildPhase section */
		9E2FD38A21C7A85300FC2A60 /* CopyFiles */ = {
			isa = PBXCopyFilesBuildPhase;
			buildActionMask = 2147483647;
			dstPath = /usr/share/man/man1/;
			dstSubfolderSpec = 0;
			files = (
			);
			runOnlyForDeploymentPostprocessing = 1;
		};
/* End PBXCopyFilesBuildPhase section */

/* Begin PBXFileReference section */
		9E01F8102201B03B00D87E97 /* DefaultWeapon.swift */ = {isa = PBXFileReference; lastKnownFileType = sourcecode.swift; path = DefaultWeapon.swift; sourceTree = "<group>"; };
		9E2FD38C21C7A85300FC2A60 /* OC_RPG */ = {isa = PBXFileReference; explicitFileType = "compiled.mach-o.executable"; includeInIndex = 0; path = OC_RPG; sourceTree = BUILT_PRODUCTS_DIR; };
		9E2FD38F21C7A85300FC2A60 /* main.swift */ = {isa = PBXFileReference; lastKnownFileType = sourcecode.swift; path = main.swift; sourceTree = "<group>"; };
		9E2FD39621C7AFB900FC2A60 /* Player.swift */ = {isa = PBXFileReference; lastKnownFileType = sourcecode.swift; path = Player.swift; sourceTree = "<group>"; };
		9E2FD39E21C7B7C000FC2A60 /* Game.swift */ = {isa = PBXFileReference; lastKnownFileType = sourcecode.swift; path = Game.swift; sourceTree = "<group>"; };
		9E2FD3A421C7ED3E00FC2A60 /* Fighter.swift */ = {isa = PBXFileReference; lastKnownFileType = sourcecode.swift; path = Fighter.swift; sourceTree = "<group>"; };
		9E2FD3A621C7ED6100FC2A60 /* Mage.swift */ = {isa = PBXFileReference; lastKnownFileType = sourcecode.swift; path = Mage.swift; sourceTree = "<group>"; };
		9E2FD3A821C7ED7C00FC2A60 /* Colossus.swift */ = {isa = PBXFileReference; lastKnownFileType = sourcecode.swift; path = Colossus.swift; sourceTree = "<group>"; };
		9E2FD3AA21C7ED8C00FC2A60 /* Dwarf.swift */ = {isa = PBXFileReference; lastKnownFileType = sourcecode.swift; path = Dwarf.swift; sourceTree = "<group>"; };
		9E2FD3AC21C815EE00FC2A60 /* Character.swift */ = {isa = PBXFileReference; fileEncoding = 4; lastKnownFileType = sourcecode.swift; path = Character.swift; sourceTree = "<group>"; };
		9EB12DFF21CC09B300C53E6B /* NameManager.swift */ = {isa = PBXFileReference; lastKnownFileType = sourcecode.swift; path = NameManager.swift; sourceTree = "<group>"; };
		9EB12E0121CC09D600C53E6B /* PlayerManager.swift */ = {isa = PBXFileReference; lastKnownFileType = sourcecode.swift; path = PlayerManager.swift; sourceTree = "<group>"; };
		9EB12E0321CC0A7E00C53E6B /* Weapon.swift */ = {isa = PBXFileReference; fileEncoding = 4; lastKnownFileType = sourcecode.swift; path = Weapon.swift; sourceTree = "<group>"; };
		9EB12E1C21DCC64400C53E6B /* WoodenSword.swift */ = {isa = PBXFileReference; fileEncoding = 4; lastKnownFileType = sourcecode.swift; path = WoodenSword.swift; sourceTree = "<group>"; };
		9EB12E1E21DCC64F00C53E6B /* WoodenAxe.swift */ = {isa = PBXFileReference; fileEncoding = 4; lastKnownFileType = sourcecode.swift; path = WoodenAxe.swift; sourceTree = "<group>"; };
		9EB12E2021DCC65900C53E6B /* WoodenMace.swift */ = {isa = PBXFileReference; fileEncoding = 4; lastKnownFileType = sourcecode.swift; path = WoodenMace.swift; sourceTree = "<group>"; };
		9EB12E2721DCCD3500C53E6B /* WoodenStaff.swift */ = {isa = PBXFileReference; fileEncoding = 4; lastKnownFileType = sourcecode.swift; path = WoodenStaff.swift; sourceTree = "<group>"; };
		9EB12E2821DCCD3500C53E6B /* NurturerStaff.swift */ = {isa = PBXFileReference; fileEncoding = 4; lastKnownFileType = sourcecode.swift; path = NurturerStaff.swift; sourceTree = "<group>"; };
		9EB12E2921DCCD3500C53E6B /* RainStaff.swift */ = {isa = PBXFileReference; fileEncoding = 4; lastKnownFileType = sourcecode.swift; path = RainStaff.swift; sourceTree = "<group>"; };
		9EB12E2A21DCCD3500C53E6B /* OwlStaff.swift */ = {isa = PBXFileReference; fileEncoding = 4; lastKnownFileType = sourcecode.swift; path = OwlStaff.swift; sourceTree = "<group>"; };
		9EB12E2F21DCCD4400C53E6B /* GoldenMace.swift */ = {isa = PBXFileReference; fileEncoding = 4; lastKnownFileType = sourcecode.swift; path = GoldenMace.swift; sourceTree = "<group>"; };
		9EB12E3021DCCD4400C53E6B /* CopperMace.swift */ = {isa = PBXFileReference; fileEncoding = 4; lastKnownFileType = sourcecode.swift; path = CopperMace.swift; sourceTree = "<group>"; };
		9EB12E3121DCCD4400C53E6B /* SilverMace.swift */ = {isa = PBXFileReference; fileEncoding = 4; lastKnownFileType = sourcecode.swift; path = SilverMace.swift; sourceTree = "<group>"; };
		9EB12E3521DCCD5700C53E6B /* SilverAxe.swift */ = {isa = PBXFileReference; fileEncoding = 4; lastKnownFileType = sourcecode.swift; path = SilverAxe.swift; sourceTree = "<group>"; };
		9EB12E3621DCCD5700C53E6B /* CopperAxe.swift */ = {isa = PBXFileReference; fileEncoding = 4; lastKnownFileType = sourcecode.swift; path = CopperAxe.swift; sourceTree = "<group>"; };
		9EB12E3721DCCD5700C53E6B /* GoldenAxe.swift */ = {isa = PBXFileReference; fileEncoding = 4; lastKnownFileType = sourcecode.swift; path = GoldenAxe.swift; sourceTree = "<group>"; };
		9EB12E3B21DCCD6D00C53E6B /* SilverSword.swift */ = {isa = PBXFileReference; fileEncoding = 4; lastKnownFileType = sourcecode.swift; path = SilverSword.swift; sourceTree = "<group>"; };
		9EB12E3C21DCCD6D00C53E6B /* GoldenSword.swift */ = {isa = PBXFileReference; fileEncoding = 4; lastKnownFileType = sourcecode.swift; path = GoldenSword.swift; sourceTree = "<group>"; };
		9EB12E3D21DCCD6D00C53E6B /* CopperSword.swift */ = {isa = PBXFileReference; fileEncoding = 4; lastKnownFileType = sourcecode.swift; path = CopperSword.swift; sourceTree = "<group>"; };
		9EB12E4121E3519600C53E6B /* Chest.swift */ = {isa = PBXFileReference; lastKnownFileType = sourcecode.swift; path = Chest.swift; sourceTree = "<group>"; };
		9EB12E4321E4A9F000C53E6B /* Rogue.swift */ = {isa = PBXFileReference; lastKnownFileType = sourcecode.swift; path = Rogue.swift; sourceTree = "<group>"; };
		9EB12E4621E4AAC900C53E6B /* GoldenDagger.swift */ = {isa = PBXFileReference; fileEncoding = 4; lastKnownFileType = sourcecode.swift; path = GoldenDagger.swift; sourceTree = "<group>"; };
		9EB12E4721E4AAC900C53E6B /* CopperDagger.swift */ = {isa = PBXFileReference; fileEncoding = 4; lastKnownFileType = sourcecode.swift; path = CopperDagger.swift; sourceTree = "<group>"; };
		9EB12E4821E4AAC900C53E6B /* SilverDagger.swift */ = {isa = PBXFileReference; fileEncoding = 4; lastKnownFileType = sourcecode.swift; path = SilverDagger.swift; sourceTree = "<group>"; };
		9EB12E4921E4AAC900C53E6B /* WoodenDagger.swift */ = {isa = PBXFileReference; fileEncoding = 4; lastKnownFileType = sourcecode.swift; path = WoodenDagger.swift; sourceTree = "<group>"; };
		9EB12E5121E8FC3000C53E6B /* AttackReport.swift */ = {isa = PBXFileReference; lastKnownFileType = sourcecode.swift; path = AttackReport.swift; sourceTree = "<group>"; };
/* End PBXFileReference section */

/* Begin PBXFrameworksBuildPhase section */
		9E2FD38921C7A85300FC2A60 /* Frameworks */ = {
			isa = PBXFrameworksBuildPhase;
			buildActionMask = 2147483647;
			files = (
			);
			runOnlyForDeploymentPostprocessing = 0;
		};
/* End PBXFrameworksBuildPhase section */

/* Begin PBXGroup section */
		9E2FD38321C7A85200FC2A60 = {
			isa = PBXGroup;
			children = (
				9E2FD38E21C7A85300FC2A60 /* OC_RPG */,
				9E2FD38D21C7A85300FC2A60 /* Products */,
			);
			sourceTree = "<group>";
		};
		9E2FD38D21C7A85300FC2A60 /* Products */ = {
			isa = PBXGroup;
			children = (
				9E2FD38C21C7A85300FC2A60 /* OC_RPG */,
			);
			name = Products;
			sourceTree = "<group>";
		};
		9E2FD38E21C7A85300FC2A60 /* OC_RPG */ = {
			isa = PBXGroup;
			children = (
				9EB12DFE21CC08F700C53E6B /* Weapons */,
				9E2FD3A321C7ED1A00FC2A60 /* Characters */,
				9E2FD38F21C7A85300FC2A60 /* main.swift */,
				9E2FD39621C7AFB900FC2A60 /* Player.swift */,
				9E2FD39E21C7B7C000FC2A60 /* Game.swift */,
				9EB12DFF21CC09B300C53E6B /* NameManager.swift */,
				9EB12E0121CC09D600C53E6B /* PlayerManager.swift */,
				9EB12E4121E3519600C53E6B /* Chest.swift */,
			);
			path = OC_RPG;
			sourceTree = "<group>";
		};
		9E2FD3A321C7ED1A00FC2A60 /* Characters */ = {
			isa = PBXGroup;
			children = (
				9E2FD3AC21C815EE00FC2A60 /* Character.swift */,
				9E2FD3A421C7ED3E00FC2A60 /* Fighter.swift */,
				9E2FD3A621C7ED6100FC2A60 /* Mage.swift */,
				9E2FD3A821C7ED7C00FC2A60 /* Colossus.swift */,
				9E2FD3AA21C7ED8C00FC2A60 /* Dwarf.swift */,
				9EB12E4321E4A9F000C53E6B /* Rogue.swift */,
				9EB12E5121E8FC3000C53E6B /* AttackReport.swift */,
			);
			path = Characters;
			sourceTree = "<group>";
		};
		9EB12DFE21CC08F700C53E6B /* Weapons */ = {
			isa = PBXGroup;
			children = (
				9EB12E4521E4AA6F00C53E6B /* Dagger */,
				9EB12E2621DCCD1300C53E6B /* Staves */,
				9EB12E1A21DCC4D700C53E6B /* Maces */,
				9EB12E1921DCC4CD00C53E6B /* Axes */,
				9EB12E1821DCC4BF00C53E6B /* Swords */,
				9EB12E0321CC0A7E00C53E6B /* Weapon.swift */,
				9E01F8102201B03B00D87E97 /* DefaultWeapon.swift */,
			);
			path = Weapons;
			sourceTree = "<group>";
		};
		9EB12E1821DCC4BF00C53E6B /* Swords */ = {
			isa = PBXGroup;
			children = (
				9EB12E3D21DCCD6D00C53E6B /* CopperSword.swift */,
				9EB12E3C21DCCD6D00C53E6B /* GoldenSword.swift */,
				9EB12E3B21DCCD6D00C53E6B /* SilverSword.swift */,
				9EB12E1C21DCC64400C53E6B /* WoodenSword.swift */,
			);
			path = Swords;
			sourceTree = "<group>";
		};
		9EB12E1921DCC4CD00C53E6B /* Axes */ = {
			isa = PBXGroup;
			children = (
				9EB12E3621DCCD5700C53E6B /* CopperAxe.swift */,
				9EB12E3721DCCD5700C53E6B /* GoldenAxe.swift */,
				9EB12E3521DCCD5700C53E6B /* SilverAxe.swift */,
				9EB12E1E21DCC64F00C53E6B /* WoodenAxe.swift */,
			);
			path = Axes;
			sourceTree = "<group>";
		};
		9EB12E1A21DCC4D700C53E6B /* Maces */ = {
			isa = PBXGroup;
			children = (
				9EB12E3021DCCD4400C53E6B /* CopperMace.swift */,
				9EB12E2F21DCCD4400C53E6B /* GoldenMace.swift */,
				9EB12E3121DCCD4400C53E6B /* SilverMace.swift */,
				9EB12E2021DCC65900C53E6B /* WoodenMace.swift */,
			);
			path = Maces;
			sourceTree = "<group>";
		};
		9EB12E2621DCCD1300C53E6B /* Staves */ = {
			isa = PBXGroup;
			children = (
				9EB12E2821DCCD3500C53E6B /* NurturerStaff.swift */,
				9EB12E2A21DCCD3500C53E6B /* OwlStaff.swift */,
				9EB12E2921DCCD3500C53E6B /* RainStaff.swift */,
				9EB12E2721DCCD3500C53E6B /* WoodenStaff.swift */,
			);
			path = Staves;
			sourceTree = "<group>";
		};
		9EB12E4521E4AA6F00C53E6B /* Dagger */ = {
			isa = PBXGroup;
			children = (
				9EB12E4721E4AAC900C53E6B /* CopperDagger.swift */,
				9EB12E4621E4AAC900C53E6B /* GoldenDagger.swift */,
				9EB12E4821E4AAC900C53E6B /* SilverDagger.swift */,
				9EB12E4921E4AAC900C53E6B /* WoodenDagger.swift */,
			);
			path = Dagger;
			sourceTree = "<group>";
		};
/* End PBXGroup section */

/* Begin PBXNativeTarget section */
		9E2FD38B21C7A85300FC2A60 /* OC_RPG */ = {
			isa = PBXNativeTarget;
			buildConfigurationList = 9E2FD39321C7A85300FC2A60 /* Build configuration list for PBXNativeTarget "OC_RPG" */;
			buildPhases = (
				9E2FD38821C7A85300FC2A60 /* Sources */,
				9E2FD38921C7A85300FC2A60 /* Frameworks */,
				9E2FD38A21C7A85300FC2A60 /* CopyFiles */,
			);
			buildRules = (
			);
			dependencies = (
			);
			name = OC_RPG;
			productName = OC_RPG;
			productReference = 9E2FD38C21C7A85300FC2A60 /* OC_RPG */;
			productType = "com.apple.product-type.tool";
		};
/* End PBXNativeTarget section */

/* Begin PBXProject section */
		9E2FD38421C7A85200FC2A60 /* Project object */ = {
			isa = PBXProject;
			attributes = {
				LastSwiftUpdateCheck = 1010;
				LastUpgradeCheck = 1010;
				ORGANIZATIONNAME = "Kévin Courtois";
				TargetAttributes = {
					9E2FD38B21C7A85300FC2A60 = {
						CreatedOnToolsVersion = 10.1;
					};
				};
			};
			buildConfigurationList = 9E2FD38721C7A85200FC2A60 /* Build configuration list for PBXProject "OC_RPG" */;
			compatibilityVersion = "Xcode 9.3";
			developmentRegion = en;
			hasScannedForEncodings = 0;
			knownRegions = (
				en,
			);
			mainGroup = 9E2FD38321C7A85200FC2A60;
			productRefGroup = 9E2FD38D21C7A85300FC2A60 /* Products */;
			projectDirPath = "";
			projectRoot = "";
			targets = (
				9E2FD38B21C7A85300FC2A60 /* OC_RPG */,
			);
		};
/* End PBXProject section */

/* Begin PBXSourcesBuildPhase section */
		9E2FD38821C7A85300FC2A60 /* Sources */ = {
			isa = PBXSourcesBuildPhase;
			buildActionMask = 2147483647;
			files = (
				9EB12E4C21E4AAC900C53E6B /* SilverDagger.swift in Sources */,
				9EB12E4B21E4AAC900C53E6B /* CopperDagger.swift in Sources */,
				9EB12E4A21E4AAC900C53E6B /* GoldenDagger.swift in Sources */,
				9EB12E4D21E4AAC900C53E6B /* WoodenDagger.swift in Sources */,
				9EB12E3A21DCCD5700C53E6B /* GoldenAxe.swift in Sources */,
				9E2FD3A921C7ED7C00FC2A60 /* Colossus.swift in Sources */,
				9EB12E1F21DCC64F00C53E6B /* WoodenAxe.swift in Sources */,
				9E2FD3A721C7ED6100FC2A60 /* Mage.swift in Sources */,
				9EB12E0421CC0A7E00C53E6B /* Weapon.swift in Sources */,
				9EB12E1D21DCC64400C53E6B /* WoodenSword.swift in Sources */,
				9EB12E3221DCCD4400C53E6B /* GoldenMace.swift in Sources */,
				9EB12E3F21DCCD6D00C53E6B /* GoldenSword.swift in Sources */,
				9EB12E0021CC09B300C53E6B /* NameManager.swift in Sources */,
				9EB12E5221E8FC3000C53E6B /* AttackReport.swift in Sources */,
				9EB12E3421DCCD4400C53E6B /* SilverMace.swift in Sources */,
				9E2FD3AD21C815EE00FC2A60 /* Character.swift in Sources */,
				9E2FD3A521C7ED3E00FC2A60 /* Fighter.swift in Sources */,
				9EB12E4221E3519600C53E6B /* Chest.swift in Sources */,
				9EB12E3E21DCCD6D00C53E6B /* SilverSword.swift in Sources */,
				9E2FD3AB21C7ED8C00FC2A60 /* Dwarf.swift in Sources */,
				9EB12E3321DCCD4400C53E6B /* CopperMace.swift in Sources */,
				9EB12E4021DCCD6D00C53E6B /* CopperSword.swift in Sources */,
				9E2FD39F21C7B7C000FC2A60 /* Game.swift in Sources */,
				9EB12E0221CC09D600C53E6B /* PlayerManager.swift in Sources */,
				9EB12E2C21DCCD3500C53E6B /* NurturerStaff.swift in Sources */,
				9EB12E2B21DCCD3500C53E6B /* WoodenStaff.swift in Sources */,
				9EB12E3921DCCD5700C53E6B /* CopperAxe.swift in Sources */,
				9EB12E2D21DCCD3500C53E6B /* RainStaff.swift in Sources */,
				9E2FD39721C7AFB900FC2A60 /* Player.swift in Sources */,
				9EB12E2121DCC65900C53E6B /* WoodenMace.swift in Sources */,
				9EB12E4421E4A9F000C53E6B /* Rogue.swift in Sources */,
				9EB12E2E21DCCD3500C53E6B /* OwlStaff.swift in Sources */,
				9E2FD39021C7A85300FC2A60 /* main.swift in Sources */,
				9E01F8112201B03B00D87E97 /* DefaultWeapon.swift in Sources */,
				9EB12E3821DCCD5700C53E6B /* SilverAxe.swift in Sources */,
			);
			runOnlyForDeploymentPostprocessing = 0;
		};
/* End PBXSourcesBuildPhase section */

/* Begin XCBuildConfiguration section */
		9E2FD39121C7A85300FC2A60 /* Debug */ = {
			isa = XCBuildConfiguration;
			buildSettings = {
				ALWAYS_SEARCH_USER_PATHS = NO;
				CLANG_ANALYZER_NONNULL = YES;
				CLANG_ANALYZER_NUMBER_OBJECT_CONVERSION = YES_AGGRESSIVE;
				CLANG_CXX_LANGUAGE_STANDARD = "gnu++14";
				CLANG_CXX_LIBRARY = "libc++";
				CLANG_ENABLE_MODULES = YES;
				CLANG_ENABLE_OBJC_ARC = YES;
				CLANG_ENABLE_OBJC_WEAK = YES;
				CLANG_WARN_BLOCK_CAPTURE_AUTORELEASING = YES;
				CLANG_WARN_BOOL_CONVERSION = YES;
				CLANG_WARN_COMMA = YES;
				CLANG_WARN_CONSTANT_CONVERSION = YES;
				CLANG_WARN_DEPRECATED_OBJC_IMPLEMENTATIONS = YES;
				CLANG_WARN_DIRECT_OBJC_ISA_USAGE = YES_ERROR;
				CLANG_WARN_DOCUMENTATION_COMMENTS = YES;
				CLANG_WARN_EMPTY_BODY = YES;
				CLANG_WARN_ENUM_CONVERSION = YES;
				CLANG_WARN_INFINITE_RECURSION = YES;
				CLANG_WARN_INT_CONVERSION = YES;
				CLANG_WARN_NON_LITERAL_NULL_CONVERSION = YES;
				CLANG_WARN_OBJC_IMPLICIT_RETAIN_SELF = YES;
				CLANG_WARN_OBJC_LITERAL_CONVERSION = YES;
				CLANG_WARN_OBJC_ROOT_CLASS = YES_ERROR;
				CLANG_WARN_RANGE_LOOP_ANALYSIS = YES;
				CLANG_WARN_STRICT_PROTOTYPES = YES;
				CLANG_WARN_SUSPICIOUS_MOVE = YES;
				CLANG_WARN_UNGUARDED_AVAILABILITY = YES_AGGRESSIVE;
				CLANG_WARN_UNREACHABLE_CODE = YES;
				CLANG_WARN__DUPLICATE_METHOD_MATCH = YES;
				CODE_SIGN_IDENTITY = "-";
				COPY_PHASE_STRIP = NO;
				DEBUG_INFORMATION_FORMAT = dwarf;
				ENABLE_STRICT_OBJC_MSGSEND = YES;
				ENABLE_TESTABILITY = YES;
				GCC_C_LANGUAGE_STANDARD = gnu11;
				GCC_DYNAMIC_NO_PIC = NO;
				GCC_NO_COMMON_BLOCKS = YES;
				GCC_OPTIMIZATION_LEVEL = 0;
				GCC_PREPROCESSOR_DEFINITIONS = (
					"DEBUG=1",
					"$(inherited)",
				);
				GCC_WARN_64_TO_32_BIT_CONVERSION = YES;
				GCC_WARN_ABOUT_RETURN_TYPE = YES_ERROR;
				GCC_WARN_UNDECLARED_SELECTOR = YES;
				GCC_WARN_UNINITIALIZED_AUTOS = YES_AGGRESSIVE;
				GCC_WARN_UNUSED_FUNCTION = YES;
				GCC_WARN_UNUSED_VARIABLE = YES;
				MACOSX_DEPLOYMENT_TARGET = 10.14;
				MTL_ENABLE_DEBUG_INFO = INCLUDE_SOURCE;
				MTL_FAST_MATH = YES;
				ONLY_ACTIVE_ARCH = YES;
				SDKROOT = macosx;
				SWIFT_ACTIVE_COMPILATION_CONDITIONS = DEBUG;
				SWIFT_OPTIMIZATION_LEVEL = "-Onone";
			};
			name = Debug;
		};
		9E2FD39221C7A85300FC2A60 /* Release */ = {
			isa = XCBuildConfiguration;
			buildSettings = {
				ALWAYS_SEARCH_USER_PATHS = NO;
				CLANG_ANALYZER_NONNULL = YES;
				CLANG_ANALYZER_NUMBER_OBJECT_CONVERSION = YES_AGGRESSIVE;
				CLANG_CXX_LANGUAGE_STANDARD = "gnu++14";
				CLANG_CXX_LIBRARY = "libc++";
				CLANG_ENABLE_MODULES = YES;
				CLANG_ENABLE_OBJC_ARC = YES;
				CLANG_ENABLE_OBJC_WEAK = YES;
				CLANG_WARN_BLOCK_CAPTURE_AUTORELEASING = YES;
				CLANG_WARN_BOOL_CONVERSION = YES;
				CLANG_WARN_COMMA = YES;
				CLANG_WARN_CONSTANT_CONVERSION = YES;
				CLANG_WARN_DEPRECATED_OBJC_IMPLEMENTATIONS = YES;
				CLANG_WARN_DIRECT_OBJC_ISA_USAGE = YES_ERROR;
				CLANG_WARN_DOCUMENTATION_COMMENTS = YES;
				CLANG_WARN_EMPTY_BODY = YES;
				CLANG_WARN_ENUM_CONVERSION = YES;
				CLANG_WARN_INFINITE_RECURSION = YES;
				CLANG_WARN_INT_CONVERSION = YES;
				CLANG_WARN_NON_LITERAL_NULL_CONVERSION = YES;
				CLANG_WARN_OBJC_IMPLICIT_RETAIN_SELF = YES;
				CLANG_WARN_OBJC_LITERAL_CONVERSION = YES;
				CLANG_WARN_OBJC_ROOT_CLASS = YES_ERROR;
				CLANG_WARN_RANGE_LOOP_ANALYSIS = YES;
				CLANG_WARN_STRICT_PROTOTYPES = YES;
				CLANG_WARN_SUSPICIOUS_MOVE = YES;
				CLANG_WARN_UNGUARDED_AVAILABILITY = YES_AGGRESSIVE;
				CLANG_WARN_UNREACHABLE_CODE = YES;
				CLANG_WARN__DUPLICATE_METHOD_MATCH = YES;
				CODE_SIGN_IDENTITY = "-";
				COPY_PHASE_STRIP = NO;
				DEBUG_INFORMATION_FORMAT = "dwarf-with-dsym";
				ENABLE_NS_ASSERTIONS = NO;
				ENABLE_STRICT_OBJC_MSGSEND = YES;
				GCC_C_LANGUAGE_STANDARD = gnu11;
				GCC_NO_COMMON_BLOCKS = YES;
				GCC_WARN_64_TO_32_BIT_CONVERSION = YES;
				GCC_WARN_ABOUT_RETURN_TYPE = YES_ERROR;
				GCC_WARN_UNDECLARED_SELECTOR = YES;
				GCC_WARN_UNINITIALIZED_AUTOS = YES_AGGRESSIVE;
				GCC_WARN_UNUSED_FUNCTION = YES;
				GCC_WARN_UNUSED_VARIABLE = YES;
				MACOSX_DEPLOYMENT_TARGET = 10.14;
				MTL_ENABLE_DEBUG_INFO = NO;
				MTL_FAST_MATH = YES;
				SDKROOT = macosx;
				SWIFT_COMPILATION_MODE = wholemodule;
				SWIFT_OPTIMIZATION_LEVEL = "-O";
			};
			name = Release;
		};
		9E2FD39421C7A85300FC2A60 /* Debug */ = {
			isa = XCBuildConfiguration;
			buildSettings = {
				CODE_SIGN_STYLE = Automatic;
				PRODUCT_NAME = "$(TARGET_NAME)";
				SWIFT_VERSION = 4.2;
			};
			name = Debug;
		};
		9E2FD39521C7A85300FC2A60 /* Release */ = {
			isa = XCBuildConfiguration;
			buildSettings = {
				CODE_SIGN_STYLE = Automatic;
				PRODUCT_NAME = "$(TARGET_NAME)";
				SWIFT_VERSION = 4.2;
			};
			name = Release;
		};
/* End XCBuildConfiguration section */

/* Begin XCConfigurationList section */
		9E2FD38721C7A85200FC2A60 /* Build configuration list for PBXProject "OC_RPG" */ = {
			isa = XCConfigurationList;
			buildConfigurations = (
				9E2FD39121C7A85300FC2A60 /* Debug */,
				9E2FD39221C7A85300FC2A60 /* Release */,
			);
			defaultConfigurationIsVisible = 0;
			defaultConfigurationName = Release;
		};
		9E2FD39321C7A85300FC2A60 /* Build configuration list for PBXNativeTarget "OC_RPG" */ = {
			isa = XCConfigurationList;
			buildConfigurations = (
				9E2FD39421C7A85300FC2A60 /* Debug */,
				9E2FD39521C7A85300FC2A60 /* Release */,
			);
			defaultConfigurationIsVisible = 0;
			defaultConfigurationName = Release;
		};
/* End XCConfigurationList section */
	};
	rootObject = 9E2FD38421C7A85200FC2A60 /* Project object */;
}
